
Microsoft Visual Studio Solution File, Format Version 12.00
# Visual Studio Version 16
VisualStudioVersion = 16.0.29920.165
MinimumVisualStudioVersion = 10.0.40219.1
Project("{9A19103F-16F7-4668-BE54-9A1E7A4F7556}") = "QuantityMeasurment", "QuantityMeasurment.csproj", "{9D9D7EC0-7988-42CF-8B90-29C783774974}"
EndProject
Project("{9A19103F-16F7-4668-BE54-9A1E7A4F7556}") = "QuantityTest", "..\QualityTest\QuantityTest.csproj", "{774C9815-5F55-4245-9825-4C063A0AB416}"
EndProject
Global
	GlobalSection(SolutionConfigurationPlatforms) = preSolution
		Debug|Any CPU = Debug|Any CPU
		Release|Any CPU = Release|Any CPU
	EndGlobalSection
	GlobalSection(ProjectConfigurationPlatforms) = postSolution
		{9D9D7EC0-7988-42CF-8B90-29C783774974}.Debug|Any CPU.ActiveCfg = Debug|Any CPU
		{9D9D7EC0-7988-42CF-8B90-29C783774974}.Debug|Any CPU.Build.0 = Debug|Any CPU
		{9D9D7EC0-7988-42CF-8B90-29C783774974}.Release|Any CPU.ActiveCfg = Release|Any CPU
		{9D9D7EC0-7988-42CF-8B90-29C783774974}.Release|Any CPU.Build.0 = Release|Any CPU
		{774C9815-5F55-4245-9825-4C063A0AB416}.Debug|Any CPU.ActiveCfg = Debug|Any CPU
		{774C9815-5F55-4245-9825-4C063A0AB416}.Debug|Any CPU.Build.0 = Debug|Any CPU
		{774C9815-5F55-4245-9825-4C063A0AB416}.Release|Any CPU.ActiveCfg = Release|Any CPU
		{774C9815-5F55-4245-9825-4C063A0AB416}.Release|Any CPU.Build.0 = Release|Any CPU
	EndGlobalSection
	GlobalSection(SolutionProperties) = preSolution
		HideSolutionNode = FALSE
	EndGlobalSection
	GlobalSection(ExtensibilityGlobals) = postSolution
		SolutionGuid = {5A737AC3-3C8C-45EE-A274-9D1204653CC9}
	EndGlobalSection
EndGlobal
